
Microsoft Visual Studio Solution File, Format Version 12.00
# Visual Studio 15
VisualStudioVersion = 15.0.26228.4
MinimumVisualStudioVersion = 10.0.40219.1
Project("{FAE04EC0-301F-11D3-BF4B-00C04F79EFBC}") = "HybridServer.Web", "HybridServer.Web\HybridServer.Web.csproj", "{D998FCEA-2D29-4F05-8E58-273D0016EE5F}"
EndProject
Project("{FAE04EC0-301F-11D3-BF4B-00C04F79EFBC}") = "HybridServer.Web.Tests", "HybridServer.Web.Tests\HybridServer.Web.Tests.csproj", "{CA37B151-AA73-498E-BA87-020932791196}"
EndProject
Global
	GlobalSection(SolutionConfigurationPlatforms) = preSolution
		Debug|Any CPU = Debug|Any CPU
		Release|Any CPU = Release|Any CPU
	EndGlobalSection
	GlobalSection(ProjectConfigurationPlatforms) = postSolution
		{D998FCEA-2D29-4F05-8E58-273D0016EE5F}.Debug|Any CPU.ActiveCfg = Debug|Any CPU
		{D998FCEA-2D29-4F05-8E58-273D0016EE5F}.Debug|Any CPU.Build.0 = Debug|Any CPU
		{D998FCEA-2D29-4F05-8E58-273D0016EE5F}.Release|Any CPU.ActiveCfg = Release|Any CPU
		{D998FCEA-2D29-4F05-8E58-273D0016EE5F}.Release|Any CPU.Build.0 = Release|Any CPU
		{CA37B151-AA73-498E-BA87-020932791196}.Debug|Any CPU.ActiveCfg = Debug|Any CPU
		{CA37B151-AA73-498E-BA87-020932791196}.Debug|Any CPU.Build.0 = Debug|Any CPU
		{CA37B151-AA73-498E-BA87-020932791196}.Release|Any CPU.ActiveCfg = Release|Any CPU
		{CA37B151-AA73-498E-BA87-020932791196}.Release|Any CPU.Build.0 = Release|Any CPU
	EndGlobalSection
	GlobalSection(SolutionProperties) = preSolution
		HideSolutionNode = FALSE
	EndGlobalSection
	GlobalSection(NestedProjects) = preSolution
	EndGlobalSection
	GlobalSection(MonoDevelopProperties) = preSolution
		Policies = $0
		$0.DotNetNamingPolicy = $1
		$1.DirectoryNamespaceAssociation = PrefixedHierarchical
		$0.VersionControlPolicy = $2
	EndGlobalSection
EndGlobal
