
Microsoft Visual Studio Solution File, Format Version 12.00
# Visual Studio 15
VisualStudioVersion = 15.0.27703.2026
MinimumVisualStudioVersion = 10.0.40219.1
Project("{FAE04EC0-301F-11D3-BF4B-00C04F79EFBC}") = "Dave.IdentityProvider", "Dave.IdentityProvider\Dave.IdentityProvider.csproj", "{28F2A386-9EFA-46DB-BA71-099AA9574031}"
EndProject
Project("{FAE04EC0-301F-11D3-BF4B-00C04F79EFBC}") = "MvcClient", "MvcClient\MvcClient.csproj", "{1379A69F-BE31-43B8-8D37-A327E83393D6}"
EndProject
Global
	GlobalSection(SolutionConfigurationPlatforms) = preSolution
		Debug|Any CPU = Debug|Any CPU
		Release|Any CPU = Release|Any CPU
	EndGlobalSection
	GlobalSection(ProjectConfigurationPlatforms) = postSolution
		{28F2A386-9EFA-46DB-BA71-099AA9574031}.Debug|Any CPU.ActiveCfg = Debug|Any CPU
		{28F2A386-9EFA-46DB-BA71-099AA9574031}.Debug|Any CPU.Build.0 = Debug|Any CPU
		{28F2A386-9EFA-46DB-BA71-099AA9574031}.Release|Any CPU.ActiveCfg = Release|Any CPU
		{28F2A386-9EFA-46DB-BA71-099AA9574031}.Release|Any CPU.Build.0 = Release|Any CPU
		{1379A69F-BE31-43B8-8D37-A327E83393D6}.Debug|Any CPU.ActiveCfg = Debug|Any CPU
		{1379A69F-BE31-43B8-8D37-A327E83393D6}.Debug|Any CPU.Build.0 = Debug|Any CPU
		{1379A69F-BE31-43B8-8D37-A327E83393D6}.Release|Any CPU.ActiveCfg = Release|Any CPU
		{1379A69F-BE31-43B8-8D37-A327E83393D6}.Release|Any CPU.Build.0 = Release|Any CPU
	EndGlobalSection
	GlobalSection(SolutionProperties) = preSolution
		HideSolutionNode = FALSE
	EndGlobalSection
	GlobalSection(ExtensibilityGlobals) = postSolution
		SolutionGuid = {577AEFF8-9E26-416C-B7D1-37BFBFCF1683}
	EndGlobalSection
EndGlobal
